// !$*UTF8*$!
{
	archiveVersion = 1;
	classes = {
	};
	objectVersion = 48;
	objects = {

/* Begin PBXBuildFile section */
		3FE1270F1FC9943200EA1008 /* GreetMeScreen.swift in Sources */ = {isa = PBXBuildFile; fileRef = 3FE1270E1FC9943200EA1008 /* GreetMeScreen.swift */; };
		3FE127121FCAB21D00EA1008 /* TableView.storyboard in Resources */ = {isa = PBXBuildFile; fileRef = 3FE127111FCAB21D00EA1008 /* TableView.storyboard */; };
		3FE127141FCAB54700EA1008 /* ItemListScreen.swift in Sources */ = {isa = PBXBuildFile; fileRef = 3FE127131FCAB54700EA1008 /* ItemListScreen.swift */; };
		D2014D671FC427ED0027880F /* AppDelegate.swift in Sources */ = {isa = PBXBuildFile; fileRef = D2014D661FC427ED0027880F /* AppDelegate.swift */; };
		D2014D6C1FC427ED0027880F /* GreetMe.storyboard in Resources */ = {isa = PBXBuildFile; fileRef = D2014D6A1FC427ED0027880F /* GreetMe.storyboard */; };
		D2014D6E1FC427ED0027880F /* Assets.xcassets in Resources */ = {isa = PBXBuildFile; fileRef = D2014D6D1FC427ED0027880F /* Assets.xcassets */; };
		D2014D711FC427ED0027880F /* LaunchScreen.storyboard in Resources */ = {isa = PBXBuildFile; fileRef = D2014D6F1FC427ED0027880F /* LaunchScreen.storyboard */; };
/* End PBXBuildFile section */

/* Begin PBXFileReference section */
		3FE1270E1FC9943200EA1008 /* GreetMeScreen.swift */ = {isa = PBXFileReference; lastKnownFileType = sourcecode.swift; path = GreetMeScreen.swift; sourceTree = "<group>"; };
		3FE127111FCAB21D00EA1008 /* TableView.storyboard */ = {isa = PBXFileReference; lastKnownFileType = file.storyboard; path = TableView.storyboard; sourceTree = "<group>"; };
		3FE127131FCAB54700EA1008 /* ItemListScreen.swift */ = {isa = PBXFileReference; lastKnownFileType = sourcecode.swift; path = ItemListScreen.swift; sourceTree = "<group>"; };
		D2014D631FC427ED0027880F /* triplet.app */ = {isa = PBXFileReference; explicitFileType = wrapper.application; includeInIndex = 0; path = triplet.app; sourceTree = BUILT_PRODUCTS_DIR; };
		D2014D661FC427ED0027880F /* AppDelegate.swift */ = {isa = PBXFileReference; lastKnownFileType = sourcecode.swift; path = AppDelegate.swift; sourceTree = "<group>"; };
		D2014D6B1FC427ED0027880F /* Base */ = {isa = PBXFileReference; lastKnownFileType = file.storyboard; name = Base; path = Base.lproj/GreetMe.storyboard; sourceTree = "<group>"; };
		D2014D6D1FC427ED0027880F /* Assets.xcassets */ = {isa = PBXFileReference; lastKnownFileType = folder.assetcatalog; path = Assets.xcassets; sourceTree = "<group>"; };
		D2014D701FC427ED0027880F /* Base */ = {isa = PBXFileReference; lastKnownFileType = file.storyboard; name = Base; path = Base.lproj/LaunchScreen.storyboard; sourceTree = "<group>"; };
		D2014D721FC427ED0027880F /* Info.plist */ = {isa = PBXFileReference; lastKnownFileType = text.plist.xml; path = Info.plist; sourceTree = "<group>"; };
/* End PBXFileReference section */

/* Begin PBXFrameworksBuildPhase section */
		D2014D601FC427EC0027880F /* Frameworks */ = {
			isa = PBXFrameworksBuildPhase;
			buildActionMask = 2147483647;
			files = (
			);
			runOnlyForDeploymentPostprocessing = 0;
		};
/* End PBXFrameworksBuildPhase section */

/* Begin PBXGroup section */
		3FE1270D1FC9939300EA1008 /* ViewController */ = {
			isa = PBXGroup;
			children = (
				3FE1270E1FC9943200EA1008 /* GreetMeScreen.swift */,
				3FE127131FCAB54700EA1008 /* ItemListScreen.swift */,
			);
			path = ViewController;
			sourceTree = "<group>";
		};
		3FE127101FCAB1CC00EA1008 /* Storyboards */ = {
			isa = PBXGroup;
			children = (
				D2014D6A1FC427ED0027880F /* GreetMe.storyboard */,
				D2014D6F1FC427ED0027880F /* LaunchScreen.storyboard */,
				3FE127111FCAB21D00EA1008 /* TableView.storyboard */,
			);
			path = Storyboards;
			sourceTree = "<group>";
		};
		D2014D5A1FC427EC0027880F = {
			isa = PBXGroup;
			children = (
				D2014D651FC427ED0027880F /* triplet */,
				D2014D641FC427ED0027880F /* Products */,
			);
			sourceTree = "<group>";
		};
		D2014D641FC427ED0027880F /* Products */ = {
			isa = PBXGroup;
			children = (
				D2014D631FC427ED0027880F /* triplet.app */,
			);
			name = Products;
			sourceTree = "<group>";
		};
		D2014D651FC427ED0027880F /* triplet */ = {
			isa = PBXGroup;
			children = (
				3FE1270D1FC9939300EA1008 /* ViewController */,
				3FE127101FCAB1CC00EA1008 /* Storyboards */,
				D2014D661FC427ED0027880F /* AppDelegate.swift */,
				D2014D6D1FC427ED0027880F /* Assets.xcassets */,
				D2014D721FC427ED0027880F /* Info.plist */,
			);
			path = triplet;
			sourceTree = "<group>";
		};
/* End PBXGroup section */

/* Begin PBXNativeTarget section */
		D2014D621FC427EC0027880F /* triplet */ = {
			isa = PBXNativeTarget;
			buildConfigurationList = D2014D751FC427ED0027880F /* Build configuration list for PBXNativeTarget "triplet" */;
			buildPhases = (
				D2014D5F1FC427EC0027880F /* Sources */,
				D2014D601FC427EC0027880F /* Frameworks */,
				D2014D611FC427EC0027880F /* Resources */,
			);
			buildRules = (
			);
			dependencies = (
			);
			name = triplet;
			productName = triplet;
			productReference = D2014D631FC427ED0027880F /* triplet.app */;
			productType = "com.apple.product-type.application";
		};
/* End PBXNativeTarget section */

/* Begin PBXProject section */
		D2014D5B1FC427EC0027880F /* Project object */ = {
			isa = PBXProject;
			attributes = {
				LastSwiftUpdateCheck = 0910;
				LastUpgradeCheck = 0910;
				ORGANIZATIONNAME = VestaMilzam;
				TargetAttributes = {
					D2014D621FC427EC0027880F = {
						CreatedOnToolsVersion = 9.1;
						ProvisioningStyle = Automatic;
					};
				};
			};
			buildConfigurationList = D2014D5E1FC427EC0027880F /* Build configuration list for PBXProject "triplet" */;
			compatibilityVersion = "Xcode 8.0";
			developmentRegion = en;
			hasScannedForEncodings = 0;
			knownRegions = (
				en,
				Base,
			);
			mainGroup = D2014D5A1FC427EC0027880F;
			productRefGroup = D2014D641FC427ED0027880F /* Products */;
			projectDirPath = "";
			projectRoot = "";
			targets = (
				D2014D621FC427EC0027880F /* triplet */,
			);
		};
/* End PBXProject section */

/* Begin PBXResourcesBuildPhase section */
		D2014D611FC427EC0027880F /* Resources */ = {
			isa = PBXResourcesBuildPhase;
			buildActionMask = 2147483647;
			files = (
				D2014D711FC427ED0027880F /* LaunchScreen.storyboard in Resources */,
				D2014D6E1FC427ED0027880F /* Assets.xcassets in Resources */,
				3FE127121FCAB21D00EA1008 /* TableView.storyboard in Resources */,
				D2014D6C1FC427ED0027880F /* GreetMe.storyboard in Resources */,
			);
			runOnlyForDeploymentPostprocessing = 0;
		};
/* End PBXResourcesBuildPhase section */

/* Begin PBXSourcesBuildPhase section */
		D2014D5F1FC427EC0027880F /* Sources */ = {
			isa = PBXSourcesBuildPhase;
			buildActionMask = 2147483647;
			files = (
				3FE1270F1FC9943200EA1008 /* GreetMeScreen.swift in Sources */,
				D2014D671FC427ED0027880F /* AppDelegate.swift in Sources */,
				3FE127141FCAB54700EA1008 /* ItemListScreen.swift in Sources */,
			);
			runOnlyForDeploymentPostprocessing = 0;
		};
/* End PBXSourcesBuildPhase section */

/* Begin PBXVariantGroup section */
		D2014D6A1FC427ED0027880F /* GreetMe.storyboard */ = {
			isa = PBXVariantGroup;
			children = (
				D2014D6B1FC427ED0027880F /* Base */,
			);
			name = GreetMe.storyboard;
			sourceTree = "<group>";
		};
		D2014D6F1FC427ED0027880F /* LaunchScreen.storyboard */ = {
			isa = PBXVariantGroup;
			children = (
				D2014D701FC427ED0027880F /* Base */,
			);
			name = LaunchScreen.storyboard;
			sourceTree = "<group>";
		};
/* End PBXVariantGroup section */

/* Begin XCBuildConfiguration section */
		D2014D731FC427ED0027880F /* Debug */ = {
			isa = XCBuildConfiguration;
			buildSettings = {
				ALWAYS_SEARCH_USER_PATHS = NO;
				CLANG_ANALYZER_NONNULL = YES;
				CLANG_ANALYZER_NUMBER_OBJECT_CONVERSION = YES_AGGRESSIVE;
				CLANG_CXX_LANGUAGE_STANDARD = "gnu++14";
				CLANG_CXX_LIBRARY = "libc++";
				CLANG_ENABLE_MODULES = YES;
				CLANG_ENABLE_OBJC_ARC = YES;
				CLANG_WARN_BLOCK_CAPTURE_AUTORELEASING = YES;
				CLANG_WARN_BOOL_CONVERSION = YES;
				CLANG_WARN_COMMA = YES;
				CLANG_WARN_CONSTANT_CONVERSION = YES;
				CLANG_WARN_DIRECT_OBJC_ISA_USAGE = YES_ERROR;
				CLANG_WARN_DOCUMENTATION_COMMENTS = YES;
				CLANG_WARN_EMPTY_BODY = YES;
				CLANG_WARN_ENUM_CONVERSION = YES;
				CLANG_WARN_INFINITE_RECURSION = YES;
				CLANG_WARN_INT_CONVERSION = YES;
				CLANG_WARN_NON_LITERAL_NULL_CONVERSION = YES;
				CLANG_WARN_OBJC_LITERAL_CONVERSION = YES;
				CLANG_WARN_OBJC_ROOT_CLASS = YES_ERROR;
				CLANG_WARN_RANGE_LOOP_ANALYSIS = YES;
				CLANG_WARN_STRICT_PROTOTYPES = YES;
				CLANG_WARN_SUSPICIOUS_MOVE = YES;
				CLANG_WARN_UNGUARDED_AVAILABILITY = YES_AGGRESSIVE;
				CLANG_WARN_UNREACHABLE_CODE = YES;
				CLANG_WARN__DUPLICATE_METHOD_MATCH = YES;
				CODE_SIGN_IDENTITY = "iPhone Developer";
				COPY_PHASE_STRIP = NO;
				DEBUG_INFORMATION_FORMAT = dwarf;
				ENABLE_STRICT_OBJC_MSGSEND = YES;
				ENABLE_TESTABILITY = YES;
				GCC_C_LANGUAGE_STANDARD = gnu11;
				GCC_DYNAMIC_NO_PIC = NO;
				GCC_NO_COMMON_BLOCKS = YES;
				GCC_OPTIMIZATION_LEVEL = 0;
				GCC_PREPROCESSOR_DEFINITIONS = (
					"DEBUG=1",
					"$(inherited)",
				);
				GCC_WARN_64_TO_32_BIT_CONVERSION = YES;
				GCC_WARN_ABOUT_RETURN_TYPE = YES_ERROR;
				GCC_WARN_UNDECLARED_SELECTOR = YES;
				GCC_WARN_UNINITIALIZED_AUTOS = YES_AGGRESSIVE;
				GCC_WARN_UNUSED_FUNCTION = YES;
				GCC_WARN_UNUSED_VARIABLE = YES;
				IPHONEOS_DEPLOYMENT_TARGET = 11.1;
				MTL_ENABLE_DEBUG_INFO = YES;
				ONLY_ACTIVE_ARCH = YES;
				SDKROOT = iphoneos;
				SWIFT_ACTIVE_COMPILATION_CONDITIONS = DEBUG;
				SWIFT_OPTIMIZATION_LEVEL = "-Onone";
			};
			name = Debug;
		};
		D2014D741FC427ED0027880F /* Release */ = {
			isa = XCBuildConfiguration;
			buildSettings = {
				ALWAYS_SEARCH_USER_PATHS = NO;
				CLANG_ANALYZER_NONNULL = YES;
				CLANG_ANALYZER_NUMBER_OBJECT_CONVERSION = YES_AGGRESSIVE;
				CLANG_CXX_LANGUAGE_STANDARD = "gnu++14";
				CLANG_CXX_LIBRARY = "libc++";
				CLANG_ENABLE_MODULES = YES;
				CLANG_ENABLE_OBJC_ARC = YES;
				CLANG_WARN_BLOCK_CAPTURE_AUTORELEASING = YES;
				CLANG_WARN_BOOL_CONVERSION = YES;
				CLANG_WARN_COMMA = YES;
				CLANG_WARN_CONSTANT_CONVERSION = YES;
				CLANG_WARN_DIRECT_OBJC_ISA_USAGE = YES_ERROR;
				CLANG_WARN_DOCUMENTATION_COMMENTS = YES;
				CLANG_WARN_EMPTY_BODY = YES;
				CLANG_WARN_ENUM_CONVERSION = YES;
				CLANG_WARN_INFINITE_RECURSION = YES;
				CLANG_WARN_INT_CONVERSION = YES;
				CLANG_WARN_NON_LITERAL_NULL_CONVERSION = YES;
				CLANG_WARN_OBJC_LITERAL_CONVERSION = YES;
				CLANG_WARN_OBJC_ROOT_CLASS = YES_ERROR;
				CLANG_WARN_RANGE_LOOP_ANALYSIS = YES;
				CLANG_WARN_STRICT_PROTOTYPES = YES;
				CLANG_WARN_SUSPICIOUS_MOVE = YES;
				CLANG_WARN_UNGUARDED_AVAILABILITY = YES_AGGRESSIVE;
				CLANG_WARN_UNREACHABLE_CODE = YES;
				CLANG_WARN__DUPLICATE_METHOD_MATCH = YES;
				CODE_SIGN_IDENTITY = "iPhone Developer";
				COPY_PHASE_STRIP = NO;
				DEBUG_INFORMATION_FORMAT = "dwarf-with-dsym";
				ENABLE_NS_ASSERTIONS = NO;
				ENABLE_STRICT_OBJC_MSGSEND = YES;
				GCC_C_LANGUAGE_STANDARD = gnu11;
				GCC_NO_COMMON_BLOCKS = YES;
				GCC_WARN_64_TO_32_BIT_CONVERSION = YES;
				GCC_WARN_ABOUT_RETURN_TYPE = YES_ERROR;
				GCC_WARN_UNDECLARED_SELECTOR = YES;
				GCC_WARN_UNINITIALIZED_AUTOS = YES_AGGRESSIVE;
				GCC_WARN_UNUSED_FUNCTION = YES;
				GCC_WARN_UNUSED_VARIABLE = YES;
				IPHONEOS_DEPLOYMENT_TARGET = 11.1;
				MTL_ENABLE_DEBUG_INFO = NO;
				SDKROOT = iphoneos;
				SWIFT_OPTIMIZATION_LEVEL = "-Owholemodule";
				VALIDATE_PRODUCT = YES;
			};
			name = Release;
		};
		D2014D761FC427ED0027880F /* Debug */ = {
			isa = XCBuildConfiguration;
			buildSettings = {
				ASSETCATALOG_COMPILER_APPICON_NAME = AppIcon;
				CODE_SIGN_STYLE = Automatic;
				INFOPLIST_FILE = triplet/Info.plist;
				LD_RUNPATH_SEARCH_PATHS = "$(inherited) @executable_path/Frameworks";
				PRODUCT_BUNDLE_IDENTIFIER = com.onboard.triplet;
				PRODUCT_NAME = "$(TARGET_NAME)";
				SWIFT_VERSION = 4.0;
				TARGETED_DEVICE_FAMILY = "1,2";
			};
			name = Debug;
		};
		D2014D771FC427ED0027880F /* Release */ = {
			isa = XCBuildConfiguration;
			buildSettings = {
				ASSETCATALOG_COMPILER_APPICON_NAME = AppIcon;
				CODE_SIGN_STYLE = Automatic;
				INFOPLIST_FILE = triplet/Info.plist;
				LD_RUNPATH_SEARCH_PATHS = "$(inherited) @executable_path/Frameworks";
				PRODUCT_BUNDLE_IDENTIFIER = com.onboard.triplet;
				PRODUCT_NAME = "$(TARGET_NAME)";
				SWIFT_VERSION = 4.0;
				TARGETED_DEVICE_FAMILY = "1,2";
			};
			name = Release;
		};
/* End XCBuildConfiguration section */

/* Begin XCConfigurationList section */
		D2014D5E1FC427EC0027880F /* Build configuration list for PBXProject "triplet" */ = {
			isa = XCConfigurationList;
			buildConfigurations = (
				D2014D731FC427ED0027880F /* Debug */,
				D2014D741FC427ED0027880F /* Release */,
			);
			defaultConfigurationIsVisible = 0;
			defaultConfigurationName = Release;
		};
		D2014D751FC427ED0027880F /* Build configuration list for PBXNativeTarget "triplet" */ = {
			isa = XCConfigurationList;
			buildConfigurations = (
				D2014D761FC427ED0027880F /* Debug */,
				D2014D771FC427ED0027880F /* Release */,
			);
			defaultConfigurationIsVisible = 0;
			defaultConfigurationName = Release;
		};
/* End XCConfigurationList section */
	};
	rootObject = D2014D5B1FC427EC0027880F /* Project object */;
}
